
Microsoft Visual Studio Solution File, Format Version 12.00
# Visual Studio Version 16
VisualStudioVersion = 25.0.1706.14
MinimumVisualStudioVersion = 10.0.40219.1
Project("{FAE04EC0-301F-11D3-BF4B-00C04F79EFBC}") = "Week2", "Week2.csproj", "{77B0AA20-DB27-4A52-85E1-693711FEC3B4}"
EndProject
Project("{FAE04EC0-301F-11D3-BF4B-00C04F79EFBC}") = "UserGenderValidation", "UserAgeValidation\UserGenderValidation.csproj", "{35BC07DF-AB8A-45DE-8644-8FA42A48F501}"
EndProject
Project("{FAE04EC0-301F-11D3-BF4B-00C04F79EFBC}") = "UserAgeValidation", "..\UserAgeValidation\UserAgeValidation.csproj", "{F5B93D2F-3DB8-49E0-99F5-10A5C301DEBF}"
EndProject
Global
	GlobalSection(SolutionConfigurationPlatforms) = preSolution
		Debug|Any CPU = Debug|Any CPU
		Release|Any CPU = Release|Any CPU
	EndGlobalSection
	GlobalSection(ProjectConfigurationPlatforms) = postSolution
		{77B0AA20-DB27-4A52-85E1-693711FEC3B4}.Debug|Any CPU.ActiveCfg = Debug|Any CPU
		{77B0AA20-DB27-4A52-85E1-693711FEC3B4}.Debug|Any CPU.Build.0 = Debug|Any CPU
		{77B0AA20-DB27-4A52-85E1-693711FEC3B4}.Release|Any CPU.ActiveCfg = Release|Any CPU
		{77B0AA20-DB27-4A52-85E1-693711FEC3B4}.Release|Any CPU.Build.0 = Release|Any CPU
		{35BC07DF-AB8A-45DE-8644-8FA42A48F501}.Debug|Any CPU.ActiveCfg = Debug|Any CPU
		{35BC07DF-AB8A-45DE-8644-8FA42A48F501}.Debug|Any CPU.Build.0 = Debug|Any CPU
		{35BC07DF-AB8A-45DE-8644-8FA42A48F501}.Release|Any CPU.ActiveCfg = Release|Any CPU
		{35BC07DF-AB8A-45DE-8644-8FA42A48F501}.Release|Any CPU.Build.0 = Release|Any CPU
		{F5B93D2F-3DB8-49E0-99F5-10A5C301DEBF}.Debug|Any CPU.ActiveCfg = Debug|Any CPU
		{F5B93D2F-3DB8-49E0-99F5-10A5C301DEBF}.Debug|Any CPU.Build.0 = Debug|Any CPU
		{F5B93D2F-3DB8-49E0-99F5-10A5C301DEBF}.Release|Any CPU.ActiveCfg = Release|Any CPU
		{F5B93D2F-3DB8-49E0-99F5-10A5C301DEBF}.Release|Any CPU.Build.0 = Release|Any CPU
	EndGlobalSection
	GlobalSection(SolutionProperties) = preSolution
		HideSolutionNode = FALSE
	EndGlobalSection
	GlobalSection(ExtensibilityGlobals) = postSolution
		SolutionGuid = {CD089F2D-B6BE-4236-BBA0-EB555F6C2B8F}
	EndGlobalSection
EndGlobal
